// !$*UTF8*$!
{
	archiveVersion = 1;
	classes = {
	};
	objectVersion = 50;
	objects = {

/* Begin PBXBuildFile section */
		F00BBD8923D8C73D0085A51B /* AppDelegate.swift in Sources */ = {isa = PBXBuildFile; fileRef = F00BBD8823D8C73D0085A51B /* AppDelegate.swift */; };
		F00BBD8B23D8C73D0085A51B /* SceneDelegate.swift in Sources */ = {isa = PBXBuildFile; fileRef = F00BBD8A23D8C73D0085A51B /* SceneDelegate.swift */; };
		F00BBD8D23D8C73D0085A51B /* ContentView.swift in Sources */ = {isa = PBXBuildFile; fileRef = F00BBD8C23D8C73D0085A51B /* ContentView.swift */; };
		F00BBD8F23D8C7400085A51B /* Assets.xcassets in Resources */ = {isa = PBXBuildFile; fileRef = F00BBD8E23D8C7400085A51B /* Assets.xcassets */; };
		F00BBD9223D8C7400085A51B /* Preview Assets.xcassets in Resources */ = {isa = PBXBuildFile; fileRef = F00BBD9123D8C7400085A51B /* Preview Assets.xcassets */; };
		F00BBD9523D8C7400085A51B /* LaunchScreen.storyboard in Resources */ = {isa = PBXBuildFile; fileRef = F00BBD9323D8C7400085A51B /* LaunchScreen.storyboard */; };
		F00BBDA023D8C7400085A51B /* UnitTestPracticeTests.swift in Sources */ = {isa = PBXBuildFile; fileRef = F00BBD9F23D8C7400085A51B /* UnitTestPracticeTests.swift */; };
		F025C00A23E1FB9D00176EFB /* DollarsandCentsTest.swift in Sources */ = {isa = PBXBuildFile; fileRef = F025C00923E1FB9D00176EFB /* DollarsandCentsTest.swift */; };
		F05401F223E4AABD0057540A /* LinkList.swift in Sources */ = {isa = PBXBuildFile; fileRef = F05401F123E4AABD0057540A /* LinkList.swift */; };
/* End PBXBuildFile section */

/* Begin PBXContainerItemProxy section */
		F00BBD9C23D8C7400085A51B /* PBXContainerItemProxy */ = {
			isa = PBXContainerItemProxy;
			containerPortal = F00BBD7D23D8C73D0085A51B /* Project object */;
			proxyType = 1;
			remoteGlobalIDString = F00BBD8423D8C73D0085A51B;
			remoteInfo = UnitTestPractice;
		};
/* End PBXContainerItemProxy section */

/* Begin PBXFileReference section */
		F00BBD8523D8C73D0085A51B /* UnitTestPractice.app */ = {isa = PBXFileReference; explicitFileType = wrapper.application; includeInIndex = 0; path = UnitTestPractice.app; sourceTree = BUILT_PRODUCTS_DIR; };
		F00BBD8823D8C73D0085A51B /* AppDelegate.swift */ = {isa = PBXFileReference; lastKnownFileType = sourcecode.swift; path = AppDelegate.swift; sourceTree = "<group>"; };
		F00BBD8A23D8C73D0085A51B /* SceneDelegate.swift */ = {isa = PBXFileReference; lastKnownFileType = sourcecode.swift; path = SceneDelegate.swift; sourceTree = "<group>"; };
		F00BBD8C23D8C73D0085A51B /* ContentView.swift */ = {isa = PBXFileReference; lastKnownFileType = sourcecode.swift; path = ContentView.swift; sourceTree = "<group>"; };
		F00BBD8E23D8C7400085A51B /* Assets.xcassets */ = {isa = PBXFileReference; lastKnownFileType = folder.assetcatalog; path = Assets.xcassets; sourceTree = "<group>"; };
		F00BBD9123D8C7400085A51B /* Preview Assets.xcassets */ = {isa = PBXFileReference; lastKnownFileType = folder.assetcatalog; path = "Preview Assets.xcassets"; sourceTree = "<group>"; };
		F00BBD9423D8C7400085A51B /* Base */ = {isa = PBXFileReference; lastKnownFileType = file.storyboard; name = Base; path = Base.lproj/LaunchScreen.storyboard; sourceTree = "<group>"; };
		F00BBD9623D8C7400085A51B /* Info.plist */ = {isa = PBXFileReference; lastKnownFileType = text.plist.xml; path = Info.plist; sourceTree = "<group>"; };
		F00BBD9B23D8C7400085A51B /* UnitTestPracticeTests.xctest */ = {isa = PBXFileReference; explicitFileType = wrapper.cfbundle; includeInIndex = 0; path = UnitTestPracticeTests.xctest; sourceTree = BUILT_PRODUCTS_DIR; };
		F00BBD9F23D8C7400085A51B /* UnitTestPracticeTests.swift */ = {isa = PBXFileReference; lastKnownFileType = sourcecode.swift; path = UnitTestPracticeTests.swift; sourceTree = "<group>"; };
		F00BBDA123D8C7400085A51B /* Info.plist */ = {isa = PBXFileReference; lastKnownFileType = text.plist.xml; path = Info.plist; sourceTree = "<group>"; };
		F025C00923E1FB9D00176EFB /* DollarsandCentsTest.swift */ = {isa = PBXFileReference; lastKnownFileType = sourcecode.swift; path = DollarsandCentsTest.swift; sourceTree = "<group>"; };
		F05401F123E4AABD0057540A /* LinkList.swift */ = {isa = PBXFileReference; lastKnownFileType = sourcecode.swift; path = LinkList.swift; sourceTree = "<group>"; };
/* End PBXFileReference section */

/* Begin PBXFrameworksBuildPhase section */
		F00BBD8223D8C73D0085A51B /* Frameworks */ = {
			isa = PBXFrameworksBuildPhase;
			buildActionMask = 2147483647;
			files = (
			);
			runOnlyForDeploymentPostprocessing = 0;
		};
		F00BBD9823D8C7400085A51B /* Frameworks */ = {
			isa = PBXFrameworksBuildPhase;
			buildActionMask = 2147483647;
			files = (
			);
			runOnlyForDeploymentPostprocessing = 0;
		};
/* End PBXFrameworksBuildPhase section */

/* Begin PBXGroup section */
		F00BBD7C23D8C73D0085A51B = {
			isa = PBXGroup;
			children = (
				F00BBD8723D8C73D0085A51B /* UnitTestPractice */,
				F00BBD9E23D8C7400085A51B /* UnitTestPracticeTests */,
				F00BBD8623D8C73D0085A51B /* Products */,
			);
			sourceTree = "<group>";
		};
		F00BBD8623D8C73D0085A51B /* Products */ = {
			isa = PBXGroup;
			children = (
				F00BBD8523D8C73D0085A51B /* UnitTestPractice.app */,
				F00BBD9B23D8C7400085A51B /* UnitTestPracticeTests.xctest */,
			);
			name = Products;
			sourceTree = "<group>";
		};
		F00BBD8723D8C73D0085A51B /* UnitTestPractice */ = {
			isa = PBXGroup;
			children = (
				F00BBD8823D8C73D0085A51B /* AppDelegate.swift */,
				F00BBD8A23D8C73D0085A51B /* SceneDelegate.swift */,
				F00BBD8C23D8C73D0085A51B /* ContentView.swift */,
				F00BBD8E23D8C7400085A51B /* Assets.xcassets */,
				F00BBD9323D8C7400085A51B /* LaunchScreen.storyboard */,
				F00BBD9623D8C7400085A51B /* Info.plist */,
				F00BBD9023D8C7400085A51B /* Preview Content */,
			);
			path = UnitTestPractice;
			sourceTree = "<group>";
		};
		F00BBD9023D8C7400085A51B /* Preview Content */ = {
			isa = PBXGroup;
			children = (
				F00BBD9123D8C7400085A51B /* Preview Assets.xcassets */,
			);
			path = "Preview Content";
			sourceTree = "<group>";
		};
		F00BBD9E23D8C7400085A51B /* UnitTestPracticeTests */ = {
			isa = PBXGroup;
			children = (
				F00BBD9F23D8C7400085A51B /* UnitTestPracticeTests.swift */,
				F00BBDA123D8C7400085A51B /* Info.plist */,
				F025C00923E1FB9D00176EFB /* DollarsandCentsTest.swift */,
				F05401F123E4AABD0057540A /* LinkList.swift */,
			);
			path = UnitTestPracticeTests;
			sourceTree = "<group>";
		};
/* End PBXGroup section */

/* Begin PBXNativeTarget section */
		F00BBD8423D8C73D0085A51B /* UnitTestPractice */ = {
			isa = PBXNativeTarget;
			buildConfigurationList = F00BBDA423D8C7400085A51B /* Build configuration list for PBXNativeTarget "UnitTestPractice" */;
			buildPhases = (
				F00BBD8123D8C73D0085A51B /* Sources */,
				F00BBD8223D8C73D0085A51B /* Frameworks */,
				F00BBD8323D8C73D0085A51B /* Resources */,
			);
			buildRules = (
			);
			dependencies = (
			);
			name = UnitTestPractice;
			productName = UnitTestPractice;
			productReference = F00BBD8523D8C73D0085A51B /* UnitTestPractice.app */;
			productType = "com.apple.product-type.application";
		};
		F00BBD9A23D8C7400085A51B /* UnitTestPracticeTests */ = {
			isa = PBXNativeTarget;
			buildConfigurationList = F00BBDA723D8C7400085A51B /* Build configuration list for PBXNativeTarget "UnitTestPracticeTests" */;
			buildPhases = (
				F00BBD9723D8C7400085A51B /* Sources */,
				F00BBD9823D8C7400085A51B /* Frameworks */,
				F00BBD9923D8C7400085A51B /* Resources */,
			);
			buildRules = (
			);
			dependencies = (
				F00BBD9D23D8C7400085A51B /* PBXTargetDependency */,
			);
			name = UnitTestPracticeTests;
			productName = UnitTestPracticeTests;
			productReference = F00BBD9B23D8C7400085A51B /* UnitTestPracticeTests.xctest */;
			productType = "com.apple.product-type.bundle.unit-test";
		};
/* End PBXNativeTarget section */

/* Begin PBXProject section */
		F00BBD7D23D8C73D0085A51B /* Project object */ = {
			isa = PBXProject;
			attributes = {
				LastSwiftUpdateCheck = 1130;
				LastUpgradeCheck = 1130;
				ORGANIZATIONNAME = "Frank McAuley";
				TargetAttributes = {
					F00BBD8423D8C73D0085A51B = {
						CreatedOnToolsVersion = 11.3.1;
					};
					F00BBD9A23D8C7400085A51B = {
						CreatedOnToolsVersion = 11.3.1;
						TestTargetID = F00BBD8423D8C73D0085A51B;
					};
				};
			};
			buildConfigurationList = F00BBD8023D8C73D0085A51B /* Build configuration list for PBXProject "UnitTestPractice" */;
			compatibilityVersion = "Xcode 9.3";
			developmentRegion = en;
			hasScannedForEncodings = 0;
			knownRegions = (
				en,
				Base,
			);
			mainGroup = F00BBD7C23D8C73D0085A51B;
			productRefGroup = F00BBD8623D8C73D0085A51B /* Products */;
			projectDirPath = "";
			projectRoot = "";
			targets = (
				F00BBD8423D8C73D0085A51B /* UnitTestPractice */,
				F00BBD9A23D8C7400085A51B /* UnitTestPracticeTests */,
			);
		};
/* End PBXProject section */

/* Begin PBXResourcesBuildPhase section */
		F00BBD8323D8C73D0085A51B /* Resources */ = {
			isa = PBXResourcesBuildPhase;
			buildActionMask = 2147483647;
			files = (
				F00BBD9523D8C7400085A51B /* LaunchScreen.storyboard in Resources */,
				F00BBD9223D8C7400085A51B /* Preview Assets.xcassets in Resources */,
				F00BBD8F23D8C7400085A51B /* Assets.xcassets in Resources */,
			);
			runOnlyForDeploymentPostprocessing = 0;
		};
		F00BBD9923D8C7400085A51B /* Resources */ = {
			isa = PBXResourcesBuildPhase;
			buildActionMask = 2147483647;
			files = (
			);
			runOnlyForDeploymentPostprocessing = 0;
		};
/* End PBXResourcesBuildPhase section */

/* Begin PBXSourcesBuildPhase section */
		F00BBD8123D8C73D0085A51B /* Sources */ = {
			isa = PBXSourcesBuildPhase;
			buildActionMask = 2147483647;
			files = (
				F00BBD8923D8C73D0085A51B /* AppDelegate.swift in Sources */,
				F00BBD8B23D8C73D0085A51B /* SceneDelegate.swift in Sources */,
				F00BBD8D23D8C73D0085A51B /* ContentView.swift in Sources */,
			);
			runOnlyForDeploymentPostprocessing = 0;
		};
		F00BBD9723D8C7400085A51B /* Sources */ = {
			isa = PBXSourcesBuildPhase;
			buildActionMask = 2147483647;
			files = (
				F00BBDA023D8C7400085A51B /* UnitTestPracticeTests.swift in Sources */,
				F05401F223E4AABD0057540A /* LinkList.swift in Sources */,
				F025C00A23E1FB9D00176EFB /* DollarsandCentsTest.swift in Sources */,
			);
			runOnlyForDeploymentPostprocessing = 0;
		};
/* End PBXSourcesBuildPhase section */

/* Begin PBXTargetDependency section */
		F00BBD9D23D8C7400085A51B /* PBXTargetDependency */ = {
			isa = PBXTargetDependency;
			target = F00BBD8423D8C73D0085A51B /* UnitTestPractice */;
			targetProxy = F00BBD9C23D8C7400085A51B /* PBXContainerItemProxy */;
		};
/* End PBXTargetDependency section */

/* Begin PBXVariantGroup section */
		F00BBD9323D8C7400085A51B /* LaunchScreen.storyboard */ = {
			isa = PBXVariantGroup;
			children = (
				F00BBD9423D8C7400085A51B /* Base */,
			);
			name = LaunchScreen.storyboard;
			sourceTree = "<group>";
		};
/* End PBXVariantGroup section */

/* Begin XCBuildConfiguration section */
		F00BBDA223D8C7400085A51B /* Debug */ = {
			isa = XCBuildConfiguration;
			buildSettings = {
				ALWAYS_SEARCH_USER_PATHS = NO;
				CLANG_ANALYZER_NONNULL = YES;
				CLANG_ANALYZER_NUMBER_OBJECT_CONVERSION = YES_AGGRESSIVE;
				CLANG_CXX_LANGUAGE_STANDARD = "gnu++14";
				CLANG_CXX_LIBRARY = "libc++";
				CLANG_ENABLE_MODULES = YES;
				CLANG_ENABLE_OBJC_ARC = YES;
				CLANG_ENABLE_OBJC_WEAK = YES;
				CLANG_WARN_BLOCK_CAPTURE_AUTORELEASING = YES;
				CLANG_WARN_BOOL_CONVERSION = YES;
				CLANG_WARN_COMMA = YES;
				CLANG_WARN_CONSTANT_CONVERSION = YES;
				CLANG_WARN_DEPRECATED_OBJC_IMPLEMENTATIONS = YES;
				CLANG_WARN_DIRECT_OBJC_ISA_USAGE = YES_ERROR;
				CLANG_WARN_DOCUMENTATION_COMMENTS = YES;
				CLANG_WARN_EMPTY_BODY = YES;
				CLANG_WARN_ENUM_CONVERSION = YES;
				CLANG_WARN_INFINITE_RECURSION = YES;
				CLANG_WARN_INT_CONVERSION = YES;
				CLANG_WARN_NON_LITERAL_NULL_CONVERSION = YES;
				CLANG_WARN_OBJC_IMPLICIT_RETAIN_SELF = YES;
				CLANG_WARN_OBJC_LITERAL_CONVERSION = YES;
				CLANG_WARN_OBJC_ROOT_CLASS = YES_ERROR;
				CLANG_WARN_RANGE_LOOP_ANALYSIS = YES;
				CLANG_WARN_STRICT_PROTOTYPES = YES;
				CLANG_WARN_SUSPICIOUS_MOVE = YES;
				CLANG_WARN_UNGUARDED_AVAILABILITY = YES_AGGRESSIVE;
				CLANG_WARN_UNREACHABLE_CODE = YES;
				CLANG_WARN__DUPLICATE_METHOD_MATCH = YES;
				COPY_PHASE_STRIP = NO;
				DEBUG_INFORMATION_FORMAT = dwarf;
				ENABLE_STRICT_OBJC_MSGSEND = YES;
				ENABLE_TESTABILITY = YES;
				GCC_C_LANGUAGE_STANDARD = gnu11;
				GCC_DYNAMIC_NO_PIC = NO;
				GCC_NO_COMMON_BLOCKS = YES;
				GCC_OPTIMIZATION_LEVEL = 0;
				GCC_PREPROCESSOR_DEFINITIONS = (
					"DEBUG=1",
					"$(inherited)",
				);
				GCC_WARN_64_TO_32_BIT_CONVERSION = YES;
				GCC_WARN_ABOUT_RETURN_TYPE = YES_ERROR;
				GCC_WARN_UNDECLARED_SELECTOR = YES;
				GCC_WARN_UNINITIALIZED_AUTOS = YES_AGGRESSIVE;
				GCC_WARN_UNUSED_FUNCTION = YES;
				GCC_WARN_UNUSED_VARIABLE = YES;
				IPHONEOS_DEPLOYMENT_TARGET = 13.2;
				MTL_ENABLE_DEBUG_INFO = INCLUDE_SOURCE;
				MTL_FAST_MATH = YES;
				ONLY_ACTIVE_ARCH = YES;
				SDKROOT = iphoneos;
				SWIFT_ACTIVE_COMPILATION_CONDITIONS = DEBUG;
				SWIFT_OPTIMIZATION_LEVEL = "-Onone";
			};
			name = Debug;
		};
		F00BBDA323D8C7400085A51B /* Release */ = {
			isa = XCBuildConfiguration;
			buildSettings = {
				ALWAYS_SEARCH_USER_PATHS = NO;
				CLANG_ANALYZER_NONNULL = YES;
				CLANG_ANALYZER_NUMBER_OBJECT_CONVERSION = YES_AGGRESSIVE;
				CLANG_CXX_LANGUAGE_STANDARD = "gnu++14";
				CLANG_CXX_LIBRARY = "libc++";
				CLANG_ENABLE_MODULES = YES;
				CLANG_ENABLE_OBJC_ARC = YES;
				CLANG_ENABLE_OBJC_WEAK = YES;
				CLANG_WARN_BLOCK_CAPTURE_AUTORELEASING = YES;
				CLANG_WARN_BOOL_CONVERSION = YES;
				CLANG_WARN_COMMA = YES;
				CLANG_WARN_CONSTANT_CONVERSION = YES;
				CLANG_WARN_DEPRECATED_OBJC_IMPLEMENTATIONS = YES;
				CLANG_WARN_DIRECT_OBJC_ISA_USAGE = YES_ERROR;
				CLANG_WARN_DOCUMENTATION_COMMENTS = YES;
				CLANG_WARN_EMPTY_BODY = YES;
				CLANG_WARN_ENUM_CONVERSION = YES;
				CLANG_WARN_INFINITE_RECURSION = YES;
				CLANG_WARN_INT_CONVERSION = YES;
				CLANG_WARN_NON_LITERAL_NULL_CONVERSION = YES;
				CLANG_WARN_OBJC_IMPLICIT_RETAIN_SELF = YES;
				CLANG_WARN_OBJC_LITERAL_CONVERSION = YES;
				CLANG_WARN_OBJC_ROOT_CLASS = YES_ERROR;
				CLANG_WARN_RANGE_LOOP_ANALYSIS = YES;
				CLANG_WARN_STRICT_PROTOTYPES = YES;
				CLANG_WARN_SUSPICIOUS_MOVE = YES;
				CLANG_WARN_UNGUARDED_AVAILABILITY = YES_AGGRESSIVE;
				CLANG_WARN_UNREACHABLE_CODE = YES;
				CLANG_WARN__DUPLICATE_METHOD_MATCH = YES;
				COPY_PHASE_STRIP = NO;
				DEBUG_INFORMATION_FORMAT = "dwarf-with-dsym";
				ENABLE_NS_ASSERTIONS = NO;
				ENABLE_STRICT_OBJC_MSGSEND = YES;
				GCC_C_LANGUAGE_STANDARD = gnu11;
				GCC_NO_COMMON_BLOCKS = YES;
				GCC_WARN_64_TO_32_BIT_CONVERSION = YES;
				GCC_WARN_ABOUT_RETURN_TYPE = YES_ERROR;
				GCC_WARN_UNDECLARED_SELECTOR = YES;
				GCC_WARN_UNINITIALIZED_AUTOS = YES_AGGRESSIVE;
				GCC_WARN_UNUSED_FUNCTION = YES;
				GCC_WARN_UNUSED_VARIABLE = YES;
				IPHONEOS_DEPLOYMENT_TARGET = 13.2;
				MTL_ENABLE_DEBUG_INFO = NO;
				MTL_FAST_MATH = YES;
				SDKROOT = iphoneos;
				SWIFT_COMPILATION_MODE = wholemodule;
				SWIFT_OPTIMIZATION_LEVEL = "-O";
				VALIDATE_PRODUCT = YES;
			};
			name = Release;
		};
		F00BBDA523D8C7400085A51B /* Debug */ = {
			isa = XCBuildConfiguration;
			buildSettings = {
				ASSETCATALOG_COMPILER_APPICON_NAME = AppIcon;
				CODE_SIGN_STYLE = Automatic;
				DEVELOPMENT_ASSET_PATHS = "\"UnitTestPractice/Preview Content\"";
				DEVELOPMENT_TEAM = T2XWZFPH38;
				ENABLE_PREVIEWS = YES;
				INFOPLIST_FILE = UnitTestPractice/Info.plist;
				LD_RUNPATH_SEARCH_PATHS = (
					"$(inherited)",
					"@executable_path/Frameworks",
				);
				PRODUCT_BUNDLE_IDENTIFIER = fm.UnitTestPractice;
				PRODUCT_NAME = "$(TARGET_NAME)";
				SWIFT_VERSION = 5.0;
				TARGETED_DEVICE_FAMILY = "1,2";
			};
			name = Debug;
		};
		F00BBDA623D8C7400085A51B /* Release */ = {
			isa = XCBuildConfiguration;
			buildSettings = {
				ASSETCATALOG_COMPILER_APPICON_NAME = AppIcon;
				CODE_SIGN_STYLE = Automatic;
				DEVELOPMENT_ASSET_PATHS = "\"UnitTestPractice/Preview Content\"";
				DEVELOPMENT_TEAM = T2XWZFPH38;
				ENABLE_PREVIEWS = YES;
				INFOPLIST_FILE = UnitTestPractice/Info.plist;
				LD_RUNPATH_SEARCH_PATHS = (
					"$(inherited)",
					"@executable_path/Frameworks",
				);
				PRODUCT_BUNDLE_IDENTIFIER = fm.UnitTestPractice;
				PRODUCT_NAME = "$(TARGET_NAME)";
				SWIFT_VERSION = 5.0;
				TARGETED_DEVICE_FAMILY = "1,2";
			};
			name = Release;
		};
		F00BBDA823D8C7400085A51B /* Debug */ = {
			isa = XCBuildConfiguration;
			buildSettings = {
				ALWAYS_EMBED_SWIFT_STANDARD_LIBRARIES = YES;
				BUNDLE_LOADER = "$(TEST_HOST)";
				CODE_SIGN_STYLE = Automatic;
				DEVELOPMENT_TEAM = T2XWZFPH38;
				INFOPLIST_FILE = UnitTestPracticeTests/Info.plist;
				IPHONEOS_DEPLOYMENT_TARGET = 13.2;
				LD_RUNPATH_SEARCH_PATHS = (
					"$(inherited)",
					"@executable_path/Frameworks",
					"@loader_path/Frameworks",
				);
				PRODUCT_BUNDLE_IDENTIFIER = fm.UnitTestPracticeTests;
				PRODUCT_NAME = "$(TARGET_NAME)";
				SWIFT_VERSION = 5.0;
				TARGETED_DEVICE_FAMILY = "1,2";
				TEST_HOST = "$(BUILT_PRODUCTS_DIR)/UnitTestPractice.app/UnitTestPractice";
			};
			name = Debug;
		};
		F00BBDA923D8C7400085A51B /* Release */ = {
			isa = XCBuildConfiguration;
			buildSettings = {
				ALWAYS_EMBED_SWIFT_STANDARD_LIBRARIES = YES;
				BUNDLE_LOADER = "$(TEST_HOST)";
				CODE_SIGN_STYLE = Automatic;
				DEVELOPMENT_TEAM = T2XWZFPH38;
				INFOPLIST_FILE = UnitTestPracticeTests/Info.plist;
				IPHONEOS_DEPLOYMENT_TARGET = 13.2;
				LD_RUNPATH_SEARCH_PATHS = (
					"$(inherited)",
					"@executable_path/Frameworks",
					"@loader_path/Frameworks",
				);
				PRODUCT_BUNDLE_IDENTIFIER = fm.UnitTestPracticeTests;
				PRODUCT_NAME = "$(TARGET_NAME)";
				SWIFT_VERSION = 5.0;
				TARGETED_DEVICE_FAMILY = "1,2";
				TEST_HOST = "$(BUILT_PRODUCTS_DIR)/UnitTestPractice.app/UnitTestPractice";
			};
			name = Release;
		};
/* End XCBuildConfiguration section */

/* Begin XCConfigurationList section */
		F00BBD8023D8C73D0085A51B /* Build configuration list for PBXProject "UnitTestPractice" */ = {
			isa = XCConfigurationList;
			buildConfigurations = (
				F00BBDA223D8C7400085A51B /* Debug */,
				F00BBDA323D8C7400085A51B /* Release */,
			);
			defaultConfigurationIsVisible = 0;
			defaultConfigurationName = Release;
		};
		F00BBDA423D8C7400085A51B /* Build configuration list for PBXNativeTarget "UnitTestPractice" */ = {
			isa = XCConfigurationList;
			buildConfigurations = (
				F00BBDA523D8C7400085A51B /* Debug */,
				F00BBDA623D8C7400085A51B /* Release */,
			);
			defaultConfigurationIsVisible = 0;
			defaultConfigurationName = Release;
		};
		F00BBDA723D8C7400085A51B /* Build configuration list for PBXNativeTarget "UnitTestPracticeTests" */ = {
			isa = XCConfigurationList;
			buildConfigurations = (
				F00BBDA823D8C7400085A51B /* Debug */,
				F00BBDA923D8C7400085A51B /* Release */,
			);
			defaultConfigurationIsVisible = 0;
			defaultConfigurationName = Release;
		};
/* End XCConfigurationList section */
	};
	rootObject = F00BBD7D23D8C73D0085A51B /* Project object */;
}
